{
    "_meta": {
        "hash": {
            "sha256": "c559ae57830735e2ca23f9d09e1d889f3871a6cf62373e5ca3ebb1b353d502b6"
        },
        "pipfile-spec": 6,
        "requires": {
            "python_version": "3.11"
        },
        "sources": [
            {
                "name": "pypi",
                "url": "https://pypi.org/simple",
                "verify_ssl": true
            }
        ]
    },
    "default": {
        "kafka-python": {
            "hashes": [
                "sha256:205953e581c0371cada35bebdacc58ac7dee6c3f9e8d95b9a6a0a7bacc054ca0",
                "sha256:6765c25440046cdadeb9c31469566be259d50802d27d4f8aae86d9ae755b78e2"
            ],
            "index": "pypi",
            "version": "==2.1.5"
        }
    },
    "develop": {}
}
